
Microsoft Visual Studio Solution File, Format Version 12.00
# Visual Studio 14
VisualStudioVersion = 14.0.23107.0
MinimumVisualStudioVersion = 10.0.40219.1
Project("{FAE04EC0-301F-11D3-BF4B-00C04F79EFBC}") = "Orchardizer", "Orchardizer\Orchardizer.csproj", "{9A4CD189-D171-49EF-A3F8-A590684F64C5}"
EndProject
Project("{FAE04EC0-301F-11D3-BF4B-00C04F79EFBC}") = "Orchardization", "Orchardization\Orchardization.csproj", "{C5F95FF6-87AD-44E6-A182-486E3254255A}"
EndProject
Project("{FAE04EC0-301F-11D3-BF4B-00C04F79EFBC}") = "Codefixes", "Codefixes\Codefixes\Codefixes.csproj", "{CC47CCAF-3233-4C22-86A7-6295BE36F045}"
EndProject
Project("{FAE04EC0-301F-11D3-BF4B-00C04F79EFBC}") = "Codefixes.Test", "Codefixes\Codefixes.Test\Codefixes.Test.csproj", "{7AAE1F80-3E3C-468D-A4FB-45184E2E9D9E}"
EndProject
Global
	GlobalSection(SolutionConfigurationPlatforms) = preSolution
		Debug|Any CPU = Debug|Any CPU
		Release|Any CPU = Release|Any CPU
	EndGlobalSection
	GlobalSection(ProjectConfigurationPlatforms) = postSolution
		{9A4CD189-D171-49EF-A3F8-A590684F64C5}.Debug|Any CPU.ActiveCfg = Debug|Any CPU
		{9A4CD189-D171-49EF-A3F8-A590684F64C5}.Debug|Any CPU.Build.0 = Debug|Any CPU
		{9A4CD189-D171-49EF-A3F8-A590684F64C5}.Release|Any CPU.ActiveCfg = Release|Any CPU
		{9A4CD189-D171-49EF-A3F8-A590684F64C5}.Release|Any CPU.Build.0 = Release|Any CPU
		{C5F95FF6-87AD-44E6-A182-486E3254255A}.Debug|Any CPU.ActiveCfg = Debug|Any CPU
		{C5F95FF6-87AD-44E6-A182-486E3254255A}.Debug|Any CPU.Build.0 = Debug|Any CPU
		{C5F95FF6-87AD-44E6-A182-486E3254255A}.Release|Any CPU.ActiveCfg = Release|Any CPU
		{C5F95FF6-87AD-44E6-A182-486E3254255A}.Release|Any CPU.Build.0 = Release|Any CPU
		{CC47CCAF-3233-4C22-86A7-6295BE36F045}.Debug|Any CPU.ActiveCfg = Debug|Any CPU
		{CC47CCAF-3233-4C22-86A7-6295BE36F045}.Debug|Any CPU.Build.0 = Debug|Any CPU
		{CC47CCAF-3233-4C22-86A7-6295BE36F045}.Release|Any CPU.ActiveCfg = Release|Any CPU
		{CC47CCAF-3233-4C22-86A7-6295BE36F045}.Release|Any CPU.Build.0 = Release|Any CPU
		{7AAE1F80-3E3C-468D-A4FB-45184E2E9D9E}.Debug|Any CPU.ActiveCfg = Debug|Any CPU
		{7AAE1F80-3E3C-468D-A4FB-45184E2E9D9E}.Debug|Any CPU.Build.0 = Debug|Any CPU
		{7AAE1F80-3E3C-468D-A4FB-45184E2E9D9E}.Release|Any CPU.ActiveCfg = Release|Any CPU
	EndGlobalSection
	GlobalSection(SolutionProperties) = preSolution
		HideSolutionNode = FALSE
	EndGlobalSection
EndGlobal
